
Microsoft Visual Studio Solution File, Format Version 12.00
# Visual Studio Version 16
VisualStudioVersion = 16.0.30711.63
MinimumVisualStudioVersion = 10.0.40219.1
Project("{2150E333-8FDC-42A3-9474-1A3956D46DE8}") = "Recursion and Backtracking", "Recursion and Backtracking", "{80D7B931-4B2F-4D2B-9E52-ACA0EF803AA9}"
EndProject
Project("{9A19103F-16F7-4668-BE54-9A1E7A4F7556}") = "RecursiveArraySum", "Recursion and Backtracking\RecursiveArraySum\RecursiveArraySum.csproj", "{FB4DD1D4-54B3-45FB-BD06-2563AB5CF245}"
EndProject
Project("{9A19103F-16F7-4668-BE54-9A1E7A4F7556}") = "RecursiveDrawing", "Recursion and Backtracking\RecursiveDrawing\RecursiveDrawing.csproj", "{C085559D-876D-42AF-97F1-866D8E50F134}"
EndProject
Project("{9A19103F-16F7-4668-BE54-9A1E7A4F7556}") = "RecursiveFactorial", "Recursion and Backtracking\RecursiveFactorial\RecursiveFactorial.csproj", "{6686B569-1F99-4EB4-A7C6-2BA4A6DBF917}"
EndProject
Project("{9A19103F-16F7-4668-BE54-9A1E7A4F7556}") = "Generating0-1Vectors", "Recursion and Backtracking\Generating0-1Vectors\Generating0-1Vectors.csproj", "{77C73F97-2CA7-44CD-905C-FF63AF99B438}"
EndProject
Project("{9A19103F-16F7-4668-BE54-9A1E7A4F7556}") = "PathsInLabyrinth", "Recursion and Backtracking\PathsInLabyrinth\PathsInLabyrinth.csproj", "{FAF77CE8-95C1-4DD8-8797-A97EE1AD4D75}"
EndProject
Project("{9A19103F-16F7-4668-BE54-9A1E7A4F7556}") = "EightQueensProblem", "Recursion and Backtracking\EightQueensProblem\EightQueensProblem.csproj", "{85057AB9-85CD-401F-B3D4-05B88884FC90}"
EndProject
Project("{9A19103F-16F7-4668-BE54-9A1E7A4F7556}") = "Fibonacci", "Recursion and Backtracking\Fibonacci\Fibonacci.csproj", "{01BDE8D6-214B-4C9F-9FED-318DA31AE502}"
EndProject
Project("{2150E333-8FDC-42A3-9474-1A3956D46DE8}") = "Sorting and Greedy Algorithms", "Sorting and Greedy Algorithms", "{D4BB134E-266A-4387-8B3E-3DAFECD76935}"
EndProject
Project("{9A19103F-16F7-4668-BE54-9A1E7A4F7556}") = "BubbleSort", "Sorting Algorithms\BubbleSort\BubbleSort.csproj", "{F1D8F424-7772-47EF-8FFF-E1C0B9591434}"
EndProject
Project("{9A19103F-16F7-4668-BE54-9A1E7A4F7556}") = "SelectionSort", "Sorting Algorithms\SelectionSort\SelectionSort.csproj", "{CE512199-BAFA-4F7A-8331-9C54CF3FBBF8}"
EndProject
Project("{9A19103F-16F7-4668-BE54-9A1E7A4F7556}") = "InsertionSort", "Sorting Algorithms\InsertionSort\InsertionSort.csproj", "{5418C892-4F12-4842-890E-9FB11FFA9BFE}"
EndProject
Project("{9A19103F-16F7-4668-BE54-9A1E7A4F7556}") = "MergeSort", "Sorting Algorithms\MergeSort\MergeSort.csproj", "{E74AE453-62AC-497A-85D6-BC06266ACA04}"
EndProject
Project("{9A19103F-16F7-4668-BE54-9A1E7A4F7556}") = "QuickSort", "Sorting Algorithms\QuickSort\QuickSort.csproj", "{2E9AA71D-187D-405F-9D8D-0DC547A9B804}"
EndProject
Project("{2150E333-8FDC-42A3-9474-1A3956D46DE8}") = "Combinatorial Problems", "Combinatorial Problems", "{240A352D-00EB-4966-87E5-A572845DF6EF}"
EndProject
Project("{9A19103F-16F7-4668-BE54-9A1E7A4F7556}") = "PermutationsWithoutRepetitions", "Combinatorial Problems\PermutationsWithoutRepetitions\PermutationsWithoutRepetitions.csproj", "{5BAD8D54-1ED8-4F5B-84E3-A0D727233B0A}"
EndProject
Project("{9A19103F-16F7-4668-BE54-9A1E7A4F7556}") = "PermutationsWithRepetitions", "Combinatorial Problems\PermutatonsWithRepetitions\PermutationsWithRepetitions.csproj", "{DC333087-1C49-48CA-896C-693DA108455F}"
EndProject
Project("{9A19103F-16F7-4668-BE54-9A1E7A4F7556}") = "VariationsWithoutRepetitions", "Combinatorial Problems\VariationsWithoutRepetitions\VariationsWithoutRepetitions.csproj", "{E5A43FF0-A78E-412F-B363-C28EB50FCB8F}"
EndProject
Project("{9A19103F-16F7-4668-BE54-9A1E7A4F7556}") = "VariationsWithRepetitions", "Combinatorial Problems\VariationsWithRepetitions\VariationsWithRepetitions.csproj", "{F29E8B51-C561-44CD-87BC-45C279590F1A}"
EndProject
Project("{9A19103F-16F7-4668-BE54-9A1E7A4F7556}") = "CombinationsWithoutRepetitions", "Combinatorial Problems\CombinationsWithoutRepetitions\CombinationsWithoutRepetitions.csproj", "{6E810460-D101-4C93-B2D8-CBD461508B21}"
EndProject
Project("{9A19103F-16F7-4668-BE54-9A1E7A4F7556}") = "CombinationsWithRepetitions", "Combinatorial Problems\CombinationsWithRepetitions\CombinationsWithRepetitions.csproj", "{A0B22DCA-5335-4832-9E0C-D9320643CCF2}"
EndProject
Project("{9A19103F-16F7-4668-BE54-9A1E7A4F7556}") = "N-Choose--K-Count", "Combinatorial Problems\N-Choose--K-Count\N-Choose--K-Count.csproj", "{3CA572D9-441D-4FFD-9906-B92AC5E770D0}"
EndProject
Project("{9A19103F-16F7-4668-BE54-9A1E7A4F7556}") = "NestedLoopsToRecursion", "Recursion and Backtracking\NestedLoopsToRecursion\NestedLoopsToRecursion.csproj", "{C82C59D6-544C-42EE-B0AF-2AE5516502DD}"
EndProject
Project("{9A19103F-16F7-4668-BE54-9A1E7A4F7556}") = "ReverseArray", "Recursion and Backtracking\ReverseArray\ReverseArray.csproj", "{5AC9DE34-3B37-49EA-8B89-7D6EEBE45AEB}"
EndProject
Project("{9A19103F-16F7-4668-BE54-9A1E7A4F7556}") = "CombinationsWithRepetitionExercise", "Combinatorial Problems\CombinationsWithRepetitionExcercise\CombinationsWithRepetitionExercise.csproj", "{720D31CD-C018-4E43-8F1B-3CE744AC482B}"
EndProject
Project("{9A19103F-16F7-4668-BE54-9A1E7A4F7556}") = "CombinationsWithoutRepetitionExercise", "Combinatorial Problems\CombinationsWithoutRepetitionExercise\CombinationsWithoutRepetitionExercise.csproj", "{D9FB7E6A-1FA0-4BB9-B143-A1F9341BA5F2}"
EndProject
Project("{9A19103F-16F7-4668-BE54-9A1E7A4F7556}") = "ConnectedAreasInAMatrix", "Recursion and Backtracking\ConnectedAreasInAMatrix\ConnectedAreasInAMatrix.csproj", "{B81EADF6-84BD-42A8-B8F4-86C5E670A572}"
EndProject
Project("{9A19103F-16F7-4668-BE54-9A1E7A4F7556}") = "Cinema", "Combinatorial Problems\Cinema\Cinema.csproj", "{0D5537CE-29B5-4CC6-8779-8690817210EA}"
EndProject
Project("{9A19103F-16F7-4668-BE54-9A1E7A4F7556}") = "SchoolTeams", "Combinatorial Problems\SchoolTeams\SchoolTeams.csproj", "{30FF530D-C625-45C2-B01C-C3E8E01B7A9D}"
EndProject
Project("{9A19103F-16F7-4668-BE54-9A1E7A4F7556}") = "WordCruncher", "Recursion and Backtracking\WordCruncher\WordCruncher.csproj", "{077768D5-012C-425B-96E9-20951D5FECFD}"
EndProject
Project("{9A19103F-16F7-4668-BE54-9A1E7A4F7556}") = "BinarySearch", "Sorting Algorithms\BinarySearch\BinarySearch.csproj", "{0480C6E1-D64B-449A-BF4E-0975A874AEEE}"
EndProject
Project("{9A19103F-16F7-4668-BE54-9A1E7A4F7556}") = "SumOfCoins", "Sorting Algorithms\SumOfCoins\SumOfCoins.csproj", "{A1FE5797-907D-438A-9E40-EE7290BBC5A4}"
EndProject
Project("{2150E333-8FDC-42A3-9474-1A3956D46DE8}") = "Graph Theory, Traversal, Shortest Paths", "Graph Theory, Traversal, Shortest Paths", "{2D7055CD-6C62-4A36-A8A0-D12E8AA19307}"
EndProject
Project("{FAE04EC0-301F-11D3-BF4B-00C04F79EFBC}") = "ConnectedComponents", "Graph Theory, Traversal, Shortest Paths\ConnectedComponents\ConnectedComponents.csproj", "{3D0C4861-7490-40F9-BEF5-82FD68581638}"
EndProject
Project("{FAE04EC0-301F-11D3-BF4B-00C04F79EFBC}") = "DFSAndBFS", "Graph Theory, Traversal, Shortest Paths\DFSAndBFS\DFSAndBFS.csproj", "{4030A2DC-12D6-4A40-919D-6F41F9FE4E24}"
EndProject
Project("{FAE04EC0-301F-11D3-BF4B-00C04F79EFBC}") = "SourceRemovalTopologicalSorting", "Graph Theory, Traversal, Shortest Paths\SourceRemovalTopologicalSorting\SourceRemovalTopologicalSorting.csproj", "{369B74E1-4277-4716-B0B4-4B2D3C1EEC76}"
EndProject
Global
	GlobalSection(SolutionConfigurationPlatforms) = preSolution
		Debug|Any CPU = Debug|Any CPU
		Release|Any CPU = Release|Any CPU
	EndGlobalSection
	GlobalSection(ProjectConfigurationPlatforms) = postSolution
		{FB4DD1D4-54B3-45FB-BD06-2563AB5CF245}.Debug|Any CPU.ActiveCfg = Debug|Any CPU
		{FB4DD1D4-54B3-45FB-BD06-2563AB5CF245}.Debug|Any CPU.Build.0 = Debug|Any CPU
		{FB4DD1D4-54B3-45FB-BD06-2563AB5CF245}.Release|Any CPU.ActiveCfg = Release|Any CPU
		{FB4DD1D4-54B3-45FB-BD06-2563AB5CF245}.Release|Any CPU.Build.0 = Release|Any CPU
		{C085559D-876D-42AF-97F1-866D8E50F134}.Debug|Any CPU.ActiveCfg = Debug|Any CPU
		{C085559D-876D-42AF-97F1-866D8E50F134}.Debug|Any CPU.Build.0 = Debug|Any CPU
		{C085559D-876D-42AF-97F1-866D8E50F134}.Release|Any CPU.ActiveCfg = Release|Any CPU
		{C085559D-876D-42AF-97F1-866D8E50F134}.Release|Any CPU.Build.0 = Release|Any CPU
		{6686B569-1F99-4EB4-A7C6-2BA4A6DBF917}.Debug|Any CPU.ActiveCfg = Debug|Any CPU
		{6686B569-1F99-4EB4-A7C6-2BA4A6DBF917}.Debug|Any CPU.Build.0 = Debug|Any CPU
		{6686B569-1F99-4EB4-A7C6-2BA4A6DBF917}.Release|Any CPU.ActiveCfg = Release|Any CPU
		{6686B569-1F99-4EB4-A7C6-2BA4A6DBF917}.Release|Any CPU.Build.0 = Release|Any CPU
		{77C73F97-2CA7-44CD-905C-FF63AF99B438}.Debug|Any CPU.ActiveCfg = Debug|Any CPU
		{77C73F97-2CA7-44CD-905C-FF63AF99B438}.Debug|Any CPU.Build.0 = Debug|Any CPU
		{77C73F97-2CA7-44CD-905C-FF63AF99B438}.Release|Any CPU.ActiveCfg = Release|Any CPU
		{77C73F97-2CA7-44CD-905C-FF63AF99B438}.Release|Any CPU.Build.0 = Release|Any CPU
		{FAF77CE8-95C1-4DD8-8797-A97EE1AD4D75}.Debug|Any CPU.ActiveCfg = Debug|Any CPU
		{FAF77CE8-95C1-4DD8-8797-A97EE1AD4D75}.Debug|Any CPU.Build.0 = Debug|Any CPU
		{FAF77CE8-95C1-4DD8-8797-A97EE1AD4D75}.Release|Any CPU.ActiveCfg = Release|Any CPU
		{FAF77CE8-95C1-4DD8-8797-A97EE1AD4D75}.Release|Any CPU.Build.0 = Release|Any CPU
		{85057AB9-85CD-401F-B3D4-05B88884FC90}.Debug|Any CPU.ActiveCfg = Debug|Any CPU
		{85057AB9-85CD-401F-B3D4-05B88884FC90}.Debug|Any CPU.Build.0 = Debug|Any CPU
		{85057AB9-85CD-401F-B3D4-05B88884FC90}.Release|Any CPU.ActiveCfg = Release|Any CPU
		{85057AB9-85CD-401F-B3D4-05B88884FC90}.Release|Any CPU.Build.0 = Release|Any CPU
		{01BDE8D6-214B-4C9F-9FED-318DA31AE502}.Debug|Any CPU.ActiveCfg = Debug|Any CPU
		{01BDE8D6-214B-4C9F-9FED-318DA31AE502}.Debug|Any CPU.Build.0 = Debug|Any CPU
		{01BDE8D6-214B-4C9F-9FED-318DA31AE502}.Release|Any CPU.ActiveCfg = Release|Any CPU
		{01BDE8D6-214B-4C9F-9FED-318DA31AE502}.Release|Any CPU.Build.0 = Release|Any CPU
		{F1D8F424-7772-47EF-8FFF-E1C0B9591434}.Debug|Any CPU.ActiveCfg = Debug|Any CPU
		{F1D8F424-7772-47EF-8FFF-E1C0B9591434}.Debug|Any CPU.Build.0 = Debug|Any CPU
		{F1D8F424-7772-47EF-8FFF-E1C0B9591434}.Release|Any CPU.ActiveCfg = Release|Any CPU
		{F1D8F424-7772-47EF-8FFF-E1C0B9591434}.Release|Any CPU.Build.0 = Release|Any CPU
		{CE512199-BAFA-4F7A-8331-9C54CF3FBBF8}.Debug|Any CPU.ActiveCfg = Debug|Any CPU
		{CE512199-BAFA-4F7A-8331-9C54CF3FBBF8}.Debug|Any CPU.Build.0 = Debug|Any CPU
		{CE512199-BAFA-4F7A-8331-9C54CF3FBBF8}.Release|Any CPU.ActiveCfg = Release|Any CPU
		{CE512199-BAFA-4F7A-8331-9C54CF3FBBF8}.Release|Any CPU.Build.0 = Release|Any CPU
		{5418C892-4F12-4842-890E-9FB11FFA9BFE}.Debug|Any CPU.ActiveCfg = Debug|Any CPU
		{5418C892-4F12-4842-890E-9FB11FFA9BFE}.Debug|Any CPU.Build.0 = Debug|Any CPU
		{5418C892-4F12-4842-890E-9FB11FFA9BFE}.Release|Any CPU.ActiveCfg = Release|Any CPU
		{5418C892-4F12-4842-890E-9FB11FFA9BFE}.Release|Any CPU.Build.0 = Release|Any CPU
		{E74AE453-62AC-497A-85D6-BC06266ACA04}.Debug|Any CPU.ActiveCfg = Debug|Any CPU
		{E74AE453-62AC-497A-85D6-BC06266ACA04}.Debug|Any CPU.Build.0 = Debug|Any CPU
		{E74AE453-62AC-497A-85D6-BC06266ACA04}.Release|Any CPU.ActiveCfg = Release|Any CPU
		{E74AE453-62AC-497A-85D6-BC06266ACA04}.Release|Any CPU.Build.0 = Release|Any CPU
		{2E9AA71D-187D-405F-9D8D-0DC547A9B804}.Debug|Any CPU.ActiveCfg = Debug|Any CPU
		{2E9AA71D-187D-405F-9D8D-0DC547A9B804}.Debug|Any CPU.Build.0 = Debug|Any CPU
		{2E9AA71D-187D-405F-9D8D-0DC547A9B804}.Release|Any CPU.ActiveCfg = Release|Any CPU
		{2E9AA71D-187D-405F-9D8D-0DC547A9B804}.Release|Any CPU.Build.0 = Release|Any CPU
		{5BAD8D54-1ED8-4F5B-84E3-A0D727233B0A}.Debug|Any CPU.ActiveCfg = Debug|Any CPU
		{5BAD8D54-1ED8-4F5B-84E3-A0D727233B0A}.Debug|Any CPU.Build.0 = Debug|Any CPU
		{5BAD8D54-1ED8-4F5B-84E3-A0D727233B0A}.Release|Any CPU.ActiveCfg = Release|Any CPU
		{5BAD8D54-1ED8-4F5B-84E3-A0D727233B0A}.Release|Any CPU.Build.0 = Release|Any CPU
		{DC333087-1C49-48CA-896C-693DA108455F}.Debug|Any CPU.ActiveCfg = Debug|Any CPU
		{DC333087-1C49-48CA-896C-693DA108455F}.Debug|Any CPU.Build.0 = Debug|Any CPU
		{DC333087-1C49-48CA-896C-693DA108455F}.Release|Any CPU.ActiveCfg = Release|Any CPU
		{DC333087-1C49-48CA-896C-693DA108455F}.Release|Any CPU.Build.0 = Release|Any CPU
		{E5A43FF0-A78E-412F-B363-C28EB50FCB8F}.Debug|Any CPU.ActiveCfg = Debug|Any CPU
		{E5A43FF0-A78E-412F-B363-C28EB50FCB8F}.Debug|Any CPU.Build.0 = Debug|Any CPU
		{E5A43FF0-A78E-412F-B363-C28EB50FCB8F}.Release|Any CPU.ActiveCfg = Release|Any CPU
		{E5A43FF0-A78E-412F-B363-C28EB50FCB8F}.Release|Any CPU.Build.0 = Release|Any CPU
		{F29E8B51-C561-44CD-87BC-45C279590F1A}.Debug|Any CPU.ActiveCfg = Debug|Any CPU
		{F29E8B51-C561-44CD-87BC-45C279590F1A}.Debug|Any CPU.Build.0 = Debug|Any CPU
		{F29E8B51-C561-44CD-87BC-45C279590F1A}.Release|Any CPU.ActiveCfg = Release|Any CPU
		{F29E8B51-C561-44CD-87BC-45C279590F1A}.Release|Any CPU.Build.0 = Release|Any CPU
		{6E810460-D101-4C93-B2D8-CBD461508B21}.Debug|Any CPU.ActiveCfg = Debug|Any CPU
		{6E810460-D101-4C93-B2D8-CBD461508B21}.Debug|Any CPU.Build.0 = Debug|Any CPU
		{6E810460-D101-4C93-B2D8-CBD461508B21}.Release|Any CPU.ActiveCfg = Release|Any CPU
		{6E810460-D101-4C93-B2D8-CBD461508B21}.Release|Any CPU.Build.0 = Release|Any CPU
		{A0B22DCA-5335-4832-9E0C-D9320643CCF2}.Debug|Any CPU.ActiveCfg = Debug|Any CPU
		{A0B22DCA-5335-4832-9E0C-D9320643CCF2}.Debug|Any CPU.Build.0 = Debug|Any CPU
		{A0B22DCA-5335-4832-9E0C-D9320643CCF2}.Release|Any CPU.ActiveCfg = Release|Any CPU
		{A0B22DCA-5335-4832-9E0C-D9320643CCF2}.Release|Any CPU.Build.0 = Release|Any CPU
		{3CA572D9-441D-4FFD-9906-B92AC5E770D0}.Debug|Any CPU.ActiveCfg = Debug|Any CPU
		{3CA572D9-441D-4FFD-9906-B92AC5E770D0}.Debug|Any CPU.Build.0 = Debug|Any CPU
		{3CA572D9-441D-4FFD-9906-B92AC5E770D0}.Release|Any CPU.ActiveCfg = Release|Any CPU
		{3CA572D9-441D-4FFD-9906-B92AC5E770D0}.Release|Any CPU.Build.0 = Release|Any CPU
		{C82C59D6-544C-42EE-B0AF-2AE5516502DD}.Debug|Any CPU.ActiveCfg = Debug|Any CPU
		{C82C59D6-544C-42EE-B0AF-2AE5516502DD}.Debug|Any CPU.Build.0 = Debug|Any CPU
		{C82C59D6-544C-42EE-B0AF-2AE5516502DD}.Release|Any CPU.ActiveCfg = Release|Any CPU
		{C82C59D6-544C-42EE-B0AF-2AE5516502DD}.Release|Any CPU.Build.0 = Release|Any CPU
		{5AC9DE34-3B37-49EA-8B89-7D6EEBE45AEB}.Debug|Any CPU.ActiveCfg = Debug|Any CPU
		{5AC9DE34-3B37-49EA-8B89-7D6EEBE45AEB}.Debug|Any CPU.Build.0 = Debug|Any CPU
		{5AC9DE34-3B37-49EA-8B89-7D6EEBE45AEB}.Release|Any CPU.ActiveCfg = Release|Any CPU
		{5AC9DE34-3B37-49EA-8B89-7D6EEBE45AEB}.Release|Any CPU.Build.0 = Release|Any CPU
		{720D31CD-C018-4E43-8F1B-3CE744AC482B}.Debug|Any CPU.ActiveCfg = Debug|Any CPU
		{720D31CD-C018-4E43-8F1B-3CE744AC482B}.Debug|Any CPU.Build.0 = Debug|Any CPU
		{720D31CD-C018-4E43-8F1B-3CE744AC482B}.Release|Any CPU.ActiveCfg = Release|Any CPU
		{720D31CD-C018-4E43-8F1B-3CE744AC482B}.Release|Any CPU.Build.0 = Release|Any CPU
		{D9FB7E6A-1FA0-4BB9-B143-A1F9341BA5F2}.Debug|Any CPU.ActiveCfg = Debug|Any CPU
		{D9FB7E6A-1FA0-4BB9-B143-A1F9341BA5F2}.Debug|Any CPU.Build.0 = Debug|Any CPU
		{D9FB7E6A-1FA0-4BB9-B143-A1F9341BA5F2}.Release|Any CPU.ActiveCfg = Release|Any CPU
		{D9FB7E6A-1FA0-4BB9-B143-A1F9341BA5F2}.Release|Any CPU.Build.0 = Release|Any CPU
		{B81EADF6-84BD-42A8-B8F4-86C5E670A572}.Debug|Any CPU.ActiveCfg = Debug|Any CPU
		{B81EADF6-84BD-42A8-B8F4-86C5E670A572}.Debug|Any CPU.Build.0 = Debug|Any CPU
		{B81EADF6-84BD-42A8-B8F4-86C5E670A572}.Release|Any CPU.ActiveCfg = Release|Any CPU
		{B81EADF6-84BD-42A8-B8F4-86C5E670A572}.Release|Any CPU.Build.0 = Release|Any CPU
		{0D5537CE-29B5-4CC6-8779-8690817210EA}.Debug|Any CPU.ActiveCfg = Debug|Any CPU
		{0D5537CE-29B5-4CC6-8779-8690817210EA}.Debug|Any CPU.Build.0 = Debug|Any CPU
		{0D5537CE-29B5-4CC6-8779-8690817210EA}.Release|Any CPU.ActiveCfg = Release|Any CPU
		{0D5537CE-29B5-4CC6-8779-8690817210EA}.Release|Any CPU.Build.0 = Release|Any CPU
		{30FF530D-C625-45C2-B01C-C3E8E01B7A9D}.Debug|Any CPU.ActiveCfg = Debug|Any CPU
		{30FF530D-C625-45C2-B01C-C3E8E01B7A9D}.Debug|Any CPU.Build.0 = Debug|Any CPU
		{30FF530D-C625-45C2-B01C-C3E8E01B7A9D}.Release|Any CPU.ActiveCfg = Release|Any CPU
		{30FF530D-C625-45C2-B01C-C3E8E01B7A9D}.Release|Any CPU.Build.0 = Release|Any CPU
		{077768D5-012C-425B-96E9-20951D5FECFD}.Debug|Any CPU.ActiveCfg = Debug|Any CPU
		{077768D5-012C-425B-96E9-20951D5FECFD}.Debug|Any CPU.Build.0 = Debug|Any CPU
		{077768D5-012C-425B-96E9-20951D5FECFD}.Release|Any CPU.ActiveCfg = Release|Any CPU
		{077768D5-012C-425B-96E9-20951D5FECFD}.Release|Any CPU.Build.0 = Release|Any CPU
		{0480C6E1-D64B-449A-BF4E-0975A874AEEE}.Debug|Any CPU.ActiveCfg = Debug|Any CPU
		{0480C6E1-D64B-449A-BF4E-0975A874AEEE}.Debug|Any CPU.Build.0 = Debug|Any CPU
		{0480C6E1-D64B-449A-BF4E-0975A874AEEE}.Release|Any CPU.ActiveCfg = Release|Any CPU
		{0480C6E1-D64B-449A-BF4E-0975A874AEEE}.Release|Any CPU.Build.0 = Release|Any CPU
		{A1FE5797-907D-438A-9E40-EE7290BBC5A4}.Debug|Any CPU.ActiveCfg = Debug|Any CPU
		{A1FE5797-907D-438A-9E40-EE7290BBC5A4}.Debug|Any CPU.Build.0 = Debug|Any CPU
		{A1FE5797-907D-438A-9E40-EE7290BBC5A4}.Release|Any CPU.ActiveCfg = Release|Any CPU
		{A1FE5797-907D-438A-9E40-EE7290BBC5A4}.Release|Any CPU.Build.0 = Release|Any CPU
		{3D0C4861-7490-40F9-BEF5-82FD68581638}.Debug|Any CPU.ActiveCfg = Debug|Any CPU
		{3D0C4861-7490-40F9-BEF5-82FD68581638}.Debug|Any CPU.Build.0 = Debug|Any CPU
		{3D0C4861-7490-40F9-BEF5-82FD68581638}.Release|Any CPU.ActiveCfg = Release|Any CPU
		{3D0C4861-7490-40F9-BEF5-82FD68581638}.Release|Any CPU.Build.0 = Release|Any CPU
		{4030A2DC-12D6-4A40-919D-6F41F9FE4E24}.Debug|Any CPU.ActiveCfg = Debug|Any CPU
		{4030A2DC-12D6-4A40-919D-6F41F9FE4E24}.Debug|Any CPU.Build.0 = Debug|Any CPU
		{4030A2DC-12D6-4A40-919D-6F41F9FE4E24}.Release|Any CPU.ActiveCfg = Release|Any CPU
		{4030A2DC-12D6-4A40-919D-6F41F9FE4E24}.Release|Any CPU.Build.0 = Release|Any CPU
		{369B74E1-4277-4716-B0B4-4B2D3C1EEC76}.Debug|Any CPU.ActiveCfg = Debug|Any CPU
		{369B74E1-4277-4716-B0B4-4B2D3C1EEC76}.Debug|Any CPU.Build.0 = Debug|Any CPU
		{369B74E1-4277-4716-B0B4-4B2D3C1EEC76}.Release|Any CPU.ActiveCfg = Release|Any CPU
		{369B74E1-4277-4716-B0B4-4B2D3C1EEC76}.Release|Any CPU.Build.0 = Release|Any CPU
	EndGlobalSection
	GlobalSection(SolutionProperties) = preSolution
		HideSolutionNode = FALSE
	EndGlobalSection
	GlobalSection(NestedProjects) = preSolution
		{FB4DD1D4-54B3-45FB-BD06-2563AB5CF245} = {80D7B931-4B2F-4D2B-9E52-ACA0EF803AA9}
		{C085559D-876D-42AF-97F1-866D8E50F134} = {80D7B931-4B2F-4D2B-9E52-ACA0EF803AA9}
		{6686B569-1F99-4EB4-A7C6-2BA4A6DBF917} = {80D7B931-4B2F-4D2B-9E52-ACA0EF803AA9}
		{77C73F97-2CA7-44CD-905C-FF63AF99B438} = {80D7B931-4B2F-4D2B-9E52-ACA0EF803AA9}
		{FAF77CE8-95C1-4DD8-8797-A97EE1AD4D75} = {80D7B931-4B2F-4D2B-9E52-ACA0EF803AA9}
		{85057AB9-85CD-401F-B3D4-05B88884FC90} = {80D7B931-4B2F-4D2B-9E52-ACA0EF803AA9}
		{01BDE8D6-214B-4C9F-9FED-318DA31AE502} = {80D7B931-4B2F-4D2B-9E52-ACA0EF803AA9}
		{F1D8F424-7772-47EF-8FFF-E1C0B9591434} = {D4BB134E-266A-4387-8B3E-3DAFECD76935}
		{CE512199-BAFA-4F7A-8331-9C54CF3FBBF8} = {D4BB134E-266A-4387-8B3E-3DAFECD76935}
		{5418C892-4F12-4842-890E-9FB11FFA9BFE} = {D4BB134E-266A-4387-8B3E-3DAFECD76935}
		{E74AE453-62AC-497A-85D6-BC06266ACA04} = {D4BB134E-266A-4387-8B3E-3DAFECD76935}
		{2E9AA71D-187D-405F-9D8D-0DC547A9B804} = {D4BB134E-266A-4387-8B3E-3DAFECD76935}
		{5BAD8D54-1ED8-4F5B-84E3-A0D727233B0A} = {240A352D-00EB-4966-87E5-A572845DF6EF}
		{DC333087-1C49-48CA-896C-693DA108455F} = {240A352D-00EB-4966-87E5-A572845DF6EF}
		{E5A43FF0-A78E-412F-B363-C28EB50FCB8F} = {240A352D-00EB-4966-87E5-A572845DF6EF}
		{F29E8B51-C561-44CD-87BC-45C279590F1A} = {240A352D-00EB-4966-87E5-A572845DF6EF}
		{6E810460-D101-4C93-B2D8-CBD461508B21} = {240A352D-00EB-4966-87E5-A572845DF6EF}
		{A0B22DCA-5335-4832-9E0C-D9320643CCF2} = {240A352D-00EB-4966-87E5-A572845DF6EF}
		{3CA572D9-441D-4FFD-9906-B92AC5E770D0} = {240A352D-00EB-4966-87E5-A572845DF6EF}
		{C82C59D6-544C-42EE-B0AF-2AE5516502DD} = {80D7B931-4B2F-4D2B-9E52-ACA0EF803AA9}
		{5AC9DE34-3B37-49EA-8B89-7D6EEBE45AEB} = {80D7B931-4B2F-4D2B-9E52-ACA0EF803AA9}
		{720D31CD-C018-4E43-8F1B-3CE744AC482B} = {240A352D-00EB-4966-87E5-A572845DF6EF}
		{D9FB7E6A-1FA0-4BB9-B143-A1F9341BA5F2} = {240A352D-00EB-4966-87E5-A572845DF6EF}
		{B81EADF6-84BD-42A8-B8F4-86C5E670A572} = {80D7B931-4B2F-4D2B-9E52-ACA0EF803AA9}
		{0D5537CE-29B5-4CC6-8779-8690817210EA} = {240A352D-00EB-4966-87E5-A572845DF6EF}
		{30FF530D-C625-45C2-B01C-C3E8E01B7A9D} = {240A352D-00EB-4966-87E5-A572845DF6EF}
		{077768D5-012C-425B-96E9-20951D5FECFD} = {80D7B931-4B2F-4D2B-9E52-ACA0EF803AA9}
		{0480C6E1-D64B-449A-BF4E-0975A874AEEE} = {D4BB134E-266A-4387-8B3E-3DAFECD76935}
		{A1FE5797-907D-438A-9E40-EE7290BBC5A4} = {D4BB134E-266A-4387-8B3E-3DAFECD76935}
		{3D0C4861-7490-40F9-BEF5-82FD68581638} = {2D7055CD-6C62-4A36-A8A0-D12E8AA19307}
		{4030A2DC-12D6-4A40-919D-6F41F9FE4E24} = {2D7055CD-6C62-4A36-A8A0-D12E8AA19307}
		{369B74E1-4277-4716-B0B4-4B2D3C1EEC76} = {2D7055CD-6C62-4A36-A8A0-D12E8AA19307}
	EndGlobalSection
	GlobalSection(ExtensibilityGlobals) = postSolution
		SolutionGuid = {81AB49DE-2047-4F06-AD90-24A5F08CD024}
	EndGlobalSection
EndGlobal
