
Microsoft Visual Studio Solution File, Format Version 12.00
# Visual Studio Version 16
VisualStudioVersion = 16.0.30804.86
MinimumVisualStudioVersion = 10.0.40219.1
Project("{FAE04EC0-301F-11D3-BF4B-00C04F79EFBC}") = "ModuloReverseNumber", "ModuloReverseNumber\ModuloReverseNumber.csproj", "{B1AEBC58-4CD9-474F-9D06-9DC3005FE088}"
EndProject
Global
	GlobalSection(SolutionConfigurationPlatforms) = preSolution
		Debug|Any CPU = Debug|Any CPU
		Release|Any CPU = Release|Any CPU
	EndGlobalSection
	GlobalSection(ProjectConfigurationPlatforms) = postSolution
		{B1AEBC58-4CD9-474F-9D06-9DC3005FE088}.Debug|Any CPU.ActiveCfg = Debug|Any CPU
		{B1AEBC58-4CD9-474F-9D06-9DC3005FE088}.Debug|Any CPU.Build.0 = Debug|Any CPU
		{B1AEBC58-4CD9-474F-9D06-9DC3005FE088}.Release|Any CPU.ActiveCfg = Release|Any CPU
		{B1AEBC58-4CD9-474F-9D06-9DC3005FE088}.Release|Any CPU.Build.0 = Release|Any CPU
	EndGlobalSection
	GlobalSection(SolutionProperties) = preSolution
		HideSolutionNode = FALSE
	EndGlobalSection
	GlobalSection(ExtensibilityGlobals) = postSolution
		SolutionGuid = {65260396-F79C-4DA8-BC61-204EC48490E5}
	EndGlobalSection
EndGlobal
